github.com/mhale/smtpd v0.8.0 h1:5JvdsehCg33PQrZBvFyDMMUDQmvbzVpZgKob7eYBJc0=
github.com/mhale/smtpd v0.8.0/go.mod h1:MQl+y2hwIEQCXtNhe5+55n0GZOjSmeqORDIXbqUL3x4=
golang.org/x/text v0.13.0 h1:ablQoSUd0tRdKxZewP80B+BaqeKJuVhuRxj/dkrun3k=
golang.org/x/text v0.13.0/go.mod h1:TvPlkZtksWOMsz7fbANvkp4WM8x/WCo/om8BMLbz+aE=
